
Microsoft Visual Studio Solution File, Format Version 12.00
# Visual Studio 14
VisualStudioVersion = 14.0.23107.0
MinimumVisualStudioVersion = 10.0.40219.1
Project("{FAE04EC0-301F-11D3-BF4B-00C04F79EFBC}") = "GettingStarted", "GettingStarted\GettingStarted.csproj", "{E561B32F-DF46-4C6D-B739-8467DF705AFD}"
EndProject
Project("{FAE04EC0-301F-11D3-BF4B-00C04F79EFBC}") = "GettingStartedHost", "GettingStartedHost\GettingStartedHost.csproj", "{03E71EE2-A32F-4F3D-93B9-3645402DC73E}"
EndProject
Project("{FAE04EC0-301F-11D3-BF4B-00C04F79EFBC}") = "GettingStartedClient", "GettingStartedClient\GettingStartedClient.csproj", "{B1F20726-02F5-4786-909B-25981108ECBE}"
EndProject
Global
	GlobalSection(SolutionConfigurationPlatforms) = preSolution
		Debug|Any CPU = Debug|Any CPU
		Release|Any CPU = Release|Any CPU
	EndGlobalSection
	GlobalSection(ProjectConfigurationPlatforms) = postSolution
		{E561B32F-DF46-4C6D-B739-8467DF705AFD}.Debug|Any CPU.ActiveCfg = Debug|Any CPU
		{E561B32F-DF46-4C6D-B739-8467DF705AFD}.Debug|Any CPU.Build.0 = Debug|Any CPU
		{E561B32F-DF46-4C6D-B739-8467DF705AFD}.Release|Any CPU.ActiveCfg = Release|Any CPU
		{E561B32F-DF46-4C6D-B739-8467DF705AFD}.Release|Any CPU.Build.0 = Release|Any CPU
		{03E71EE2-A32F-4F3D-93B9-3645402DC73E}.Debug|Any CPU.ActiveCfg = Debug|Any CPU
		{03E71EE2-A32F-4F3D-93B9-3645402DC73E}.Debug|Any CPU.Build.0 = Debug|Any CPU
		{03E71EE2-A32F-4F3D-93B9-3645402DC73E}.Release|Any CPU.ActiveCfg = Release|Any CPU
		{03E71EE2-A32F-4F3D-93B9-3645402DC73E}.Release|Any CPU.Build.0 = Release|Any CPU
		{B1F20726-02F5-4786-909B-25981108ECBE}.Debug|Any CPU.ActiveCfg = Debug|Any CPU
		{B1F20726-02F5-4786-909B-25981108ECBE}.Debug|Any CPU.Build.0 = Debug|Any CPU
		{B1F20726-02F5-4786-909B-25981108ECBE}.Release|Any CPU.ActiveCfg = Release|Any CPU
		{B1F20726-02F5-4786-909B-25981108ECBE}.Release|Any CPU.Build.0 = Release|Any CPU
	EndGlobalSection
	GlobalSection(SolutionProperties) = preSolution
		HideSolutionNode = FALSE
	EndGlobalSection
EndGlobal
